
Microsoft Visual Studio Solution File, Format Version 12.00
# Visual Studio Version 17
VisualStudioVersion = 17.13.35913.81 d17.13
MinimumVisualStudioVersion = 10.0.40219.1
Project("{FAE04EC0-301F-11D3-BF4B-00C04F79EFBC}") = "ESignatureService", "..\ESignatureService\ESignatureService.csproj", "{564BA147-9A3E-E2B7-DA4B-90BA5C35311A}"
EndProject
Project("{FAE04EC0-301F-11D3-BF4B-00C04F79EFBC}") = "ESignatureServiceTests", "..\ESignatureServiceTests\ESignatureServiceTests.csproj", "{39800E7F-0AA2-3071-C3EF-A0BE7B1C5D15}"
EndProject
Global
	GlobalSection(SolutionConfigurationPlatforms) = preSolution
		Debug|Any CPU = Debug|Any CPU
		Release|Any CPU = Release|Any CPU
	EndGlobalSection
	GlobalSection(ProjectConfigurationPlatforms) = postSolution
		{564BA147-9A3E-E2B7-DA4B-90BA5C35311A}.Debug|Any CPU.ActiveCfg = Debug|Any CPU
		{564BA147-9A3E-E2B7-DA4B-90BA5C35311A}.Debug|Any CPU.Build.0 = Debug|Any CPU
		{564BA147-9A3E-E2B7-DA4B-90BA5C35311A}.Release|Any CPU.ActiveCfg = Release|Any CPU
		{564BA147-9A3E-E2B7-DA4B-90BA5C35311A}.Release|Any CPU.Build.0 = Release|Any CPU
		{39800E7F-0AA2-3071-C3EF-A0BE7B1C5D15}.Debug|Any CPU.ActiveCfg = Debug|Any CPU
		{39800E7F-0AA2-3071-C3EF-A0BE7B1C5D15}.Debug|Any CPU.Build.0 = Debug|Any CPU
		{39800E7F-0AA2-3071-C3EF-A0BE7B1C5D15}.Release|Any CPU.ActiveCfg = Release|Any CPU
		{39800E7F-0AA2-3071-C3EF-A0BE7B1C5D15}.Release|Any CPU.Build.0 = Release|Any CPU
	EndGlobalSection
	GlobalSection(SolutionProperties) = preSolution
		HideSolutionNode = FALSE
	EndGlobalSection
	GlobalSection(ExtensibilityGlobals) = postSolution
		SolutionGuid = {E08DE7B2-EE03-49BD-946C-51905DCFC3D8}
	EndGlobalSection
EndGlobal
